
Microsoft Visual Studio Solution File, Format Version 12.00
# Visual Studio 15
VisualStudioVersion = 15.0.28307.106
MinimumVisualStudioVersion = 10.0.40219.1
Project("{FAE04EC0-301F-11D3-BF4B-00C04F79EFBC}") = "MyWindowsService", "MyWindowsService\MyWindowsService.csproj", "{28553C13-1597-4C21-8888-07915FC5164F}"
EndProject
Global
	GlobalSection(SolutionConfigurationPlatforms) = preSolution
		Debug|Any CPU = Debug|Any CPU
		Release|Any CPU = Release|Any CPU
	EndGlobalSection
	GlobalSection(ProjectConfigurationPlatforms) = postSolution
		{28553C13-1597-4C21-8888-07915FC5164F}.Debug|Any CPU.ActiveCfg = Debug|Any CPU
		{28553C13-1597-4C21-8888-07915FC5164F}.Debug|Any CPU.Build.0 = Debug|Any CPU
		{28553C13-1597-4C21-8888-07915FC5164F}.Release|Any CPU.ActiveCfg = Release|Any CPU
		{28553C13-1597-4C21-8888-07915FC5164F}.Release|Any CPU.Build.0 = Release|Any CPU
	EndGlobalSection
	GlobalSection(SolutionProperties) = preSolution
		HideSolutionNode = FALSE
	EndGlobalSection
	GlobalSection(ExtensibilityGlobals) = postSolution
		SolutionGuid = {84521EA5-7259-45B0-B788-0C4BB08741F1}
	EndGlobalSection
EndGlobal
